# THIS IS AN AUTOGENERATED FILE. DO NOT EDIT THIS FILE DIRECTLY.
# yarn lockfile v1


swagger-ui-dist@^4.18.2:
  version "4.18.2"
  resolved "https://registry.yarnpkg.com/swagger-ui-dist/-/swagger-ui-dist-4.18.2.tgz#323308f1c1d87a7c22ce3e273c31835eb680a71b"
  integrity sha512-oVBoBl9Dg+VJw8uRWDxlyUyHoNEDC0c1ysT6+Boy6CTgr2rUcLcfPon4RvxgS2/taNW6O0+US+Z/dlAsWFjOAQ==
